
Microsoft Visual Studio Solution File, Format Version 12.00
# Visual Studio Version 17
VisualStudioVersion = 17.7.34031.279
MinimumVisualStudioVersion = 10.0.40219.1
Project("{FAE04EC0-301F-11D3-BF4B-00C04F79EFBC}") = "Harjoitustyö", "Harjoitustyö\Harjoitustyö.csproj", "{F38CC3DA-A9EA-4EB2-84A0-C843F64891AE}"
EndProject
Global
	GlobalSection(SolutionConfigurationPlatforms) = preSolution
		Debug|Any CPU = Debug|Any CPU
		Release|Any CPU = Release|Any CPU
	EndGlobalSection
	GlobalSection(ProjectConfigurationPlatforms) = postSolution
		{F38CC3DA-A9EA-4EB2-84A0-C843F64891AE}.Debug|Any CPU.ActiveCfg = Debug|Any CPU
		{F38CC3DA-A9EA-4EB2-84A0-C843F64891AE}.Debug|Any CPU.Build.0 = Debug|Any CPU
		{F38CC3DA-A9EA-4EB2-84A0-C843F64891AE}.Debug|Any CPU.Deploy.0 = Debug|Any CPU
		{F38CC3DA-A9EA-4EB2-84A0-C843F64891AE}.Release|Any CPU.ActiveCfg = Release|Any CPU
		{F38CC3DA-A9EA-4EB2-84A0-C843F64891AE}.Release|Any CPU.Build.0 = Release|Any CPU
		{F38CC3DA-A9EA-4EB2-84A0-C843F64891AE}.Release|Any CPU.Deploy.0 = Release|Any CPU
	EndGlobalSection
	GlobalSection(SolutionProperties) = preSolution
		HideSolutionNode = FALSE
	EndGlobalSection
	GlobalSection(ExtensibilityGlobals) = postSolution
		SolutionGuid = {D2EB2B31-7FD5-4996-8A46-05EE61F23C89}
	EndGlobalSection
EndGlobal
